lockfileVersion: '9.0'

settings:
  autoInstallPeers: true
  excludeLinksFromLockfile: false

importers:

  .:
    dependencies:
      '@surbowl/world-geo-json-zh':
        specifier: ^2.1.2
        version: 2.1.5
      dat.gui:
        specifier: ^0.7.9
        version: 0.7.9
      skmeans:
        specifier: ^0.11.3
        version: 0.11.3
      three:
        specifier: ^0.161.0
        version: 0.161.0
    devDependencies:
      '@weacast/grib2json':
        specifier: ^2.2.0
        version: 2.2.0

packages:

  '@surbowl/world-geo-json-zh@2.1.5':
    resolution: {integrity: sha512-w9Cf4uE+1RkD9gaFzHrlxL4zlTXnFaGJ9fZYsee8jr0lp2++yIBc1PMRJEvrALKFxk2LARNDssoYQdso2aEFIA==}
    deprecated: Package no longer supported. Contact Support at https://www.npmjs.com/support for more info.

  '@weacast/grib2json@2.2.0':
    resolution: {integrity: sha512-oWYLy7v9jAYkBbnNHZ1ncejdQHtYGlqP1SfplkNRTpivcb9OCp5JwYWWVb1rd47Nct2lIpDHIsfkpMdN6TtsMA==}
    hasBin: true

  commander@2.20.3:
    resolution: {integrity: sha512-GpVkmM8vF2vQUkj2LvZmD35JxeJOLCwJ9cUkugyk2nuhbv3+mJvpLYYt+0+USMxE+oj+ey/lJEnhZw75x/OMcQ==}

  dat.gui@0.7.9:
    resolution: {integrity: sha512-sCNc1OHobc+Erc1HqiswYgHdVNpSJUlk/Hz8vzOCsER7rl+oF/4+v8GXFUyCgtXpoCX6+bnmg07DedLvBLwYKQ==}

  fs-extra@10.1.0:
    resolution: {integrity: sha512-oRXApq54ETRj4eMiFzGnHWGy+zo5raudjuxN0b8H7s/RU2oW0Wvsx9O0ACRN/kRq9E8Vu/ReskGB5o3ji+FzHQ==}
    engines: {node: '>=12'}

  graceful-fs@4.2.11:
    resolution: {integrity: sha512-RbJ5/jmFcNNCcDV5o9eTnBLJ/HszWV0P73bc+Ff4nS/rJj+YaS6IGyiOL0VoBYX+l1Wrl3k63h/KrH+nhJ0XvQ==}

  jsonfile@6.2.0:
    resolution: {integrity: sha512-FGuPw30AdOIUTRMC2OMRtQV+jkVj2cfPqSeWXv1NEAJ1qZ5zb1X6z1mFhbfOB/iy3ssJCD+3KuZ8r8C3uVFlAg==}

  skmeans@0.11.3:
    resolution: {integrity: sha512-nccEnlSeOMNAYM9ETMSq+m15u8g0KRCIvH2an/ROTx4Igmci/j3oYHBPGdAeGjhR7knAVoIIQwr/wy2dN/eKQA==}

  three@0.161.0:
    resolution: {integrity: sha512-LC28VFtjbOyEu5b93K0bNRLw1rQlMJ85lilKsYj6dgTu+7i17W+JCCEbvrpmNHF1F3NAUqDSWq50UD7w9H2xQw==}

  universalify@2.0.1:
    resolution: {integrity: sha512-gptHNQghINnc/vTGIk0SOFGFNXw7JVrlRUtConJRlvaw6DuX0wO5Jeko9sWrMBhh+PsYAZ7oXAiOnf/UKogyiw==}
    engines: {node: '>= 10.0.0'}

snapshots:

  '@surbowl/world-geo-json-zh@2.1.5': {}

  '@weacast/grib2json@2.2.0':
    dependencies:
      commander: 2.20.3
      fs-extra: 10.1.0

  commander@2.20.3: {}

  dat.gui@0.7.9: {}

  fs-extra@10.1.0:
    dependencies:
      graceful-fs: 4.2.11
      jsonfile: 6.2.0
      universalify: 2.0.1

  graceful-fs@4.2.11: {}

  jsonfile@6.2.0:
    dependencies:
      universalify: 2.0.1
    optionalDependencies:
      graceful-fs: 4.2.11

  skmeans@0.11.3: {}

  three@0.161.0: {}

  universalify@2.0.1: {}
